{
  "requires": true,
  "lockfileVersion": 1,
  "dependencies": {
    "async": {
      "version": "0.2.10",
      "resolved": "https://registry.npmjs.org/async/-/async-0.2.10.tgz",
      "integrity": "sha1-trvgsGdLnXGXCMo43owjfLUmw9E="
    },
    "config-obj": {
      "version": "0.0.1",
      "resolved": "https://registry.npmjs.org/config-obj/-/config-obj-0.0.1.tgz",
      "integrity": "sha1-u11mXLUoTdV4HaKvla1cjk2ot54="
    },
    "easy-spawn": {
      "version": "0.0.2",
      "resolved": "https://registry.npmjs.org/easy-spawn/-/easy-spawn-0.0.2.tgz",
      "integrity": "sha1-8iRArAJduU/w+0WglZbMqajs5Fw=",
      "requires": {
        "config-obj": "0.0.1"
      }
    },
    "sax": {
      "version": "0.5.8",
      "resolved": "https://registry.npmjs.org/sax/-/sax-0.5.8.tgz",
      "integrity": "sha1-1HLbIo6zMcJQaw6MFVJK25OdEsE="
    },
    "svn-spawn": {
      "version": "0.1.6",
      "resolved": "https://registry.npmjs.org/svn-spawn/-/svn-spawn-0.1.6.tgz",
      "integrity": "sha512-Q5asheLx22Tyo4wJSz/YR2zvuutTTcQFJ1srfXIERHMghLn1H3e1niKqyN7RClFFSBpQc2bVBZvPTL2plqqZYw==",
      "requires": {
        "async": "~0.2.9",
        "easy-spawn": "0.0.2",
        "xml2js": "~0.2.7"
      }
    },
    "xml2js": {
      "version": "0.2.8",
      "resolved": "https://registry.npmjs.org/xml2js/-/xml2js-0.2.8.tgz",
      "integrity": "sha1-m4FpCTFjH/CdGVdUn69U9PmAs8I=",
      "requires": {
        "sax": "0.5.x"
      }
    }
  }
}
